// !$*UTF8*$!
{
	archiveVersion = 1;
	classes = {
	};
	objectVersion = 50;
	objects = {

/* Begin PBXBuildFile section */
		95939D80240ED0AC00211CA7 /* AppDelegate.swift in Sources */ = {isa = PBXBuildFile; fileRef = 95939D7F240ED0AC00211CA7 /* AppDelegate.swift */; };
		95939D82240ED0AC00211CA7 /* SceneDelegate.swift in Sources */ = {isa = PBXBuildFile; fileRef = 95939D81240ED0AC00211CA7 /* SceneDelegate.swift */; };
		95939D84240ED0AC00211CA7 /* ViewController.swift in Sources */ = {isa = PBXBuildFile; fileRef = 95939D83240ED0AC00211CA7 /* ViewController.swift */; };
		95939D87240ED0AC00211CA7 /* Main.storyboard in Resources */ = {isa = PBXBuildFile; fileRef = 95939D85240ED0AC00211CA7 /* Main.storyboard */; };
		95939D89240ED0AF00211CA7 /* Assets.xcassets in Resources */ = {isa = PBXBuildFile; fileRef = 95939D88240ED0AF00211CA7 /* Assets.xcassets */; };
		95939D8C240ED0AF00211CA7 /* LaunchScreen.storyboard in Resources */ = {isa = PBXBuildFile; fileRef = 95939D8A240ED0AF00211CA7 /* LaunchScreen.storyboard */; };
		95939D96240ED0C000211CA7 /* CloudKit.framework in Frameworks */ = {isa = PBXBuildFile; fileRef = 95939D95240ED0C000211CA7 /* CloudKit.framework */; };
/* End PBXBuildFile section */

/* Begin PBXFileReference section */
		95939D7C240ED0AC00211CA7 /* AulaDeCloudKitTamara.app */ = {isa = PBXFileReference; explicitFileType = wrapper.application; includeInIndex = 0; path = AulaDeCloudKitTamara.app; sourceTree = BUILT_PRODUCTS_DIR; };
		95939D7F240ED0AC00211CA7 /* AppDelegate.swift */ = {isa = PBXFileReference; lastKnownFileType = sourcecode.swift; path = AppDelegate.swift; sourceTree = "<group>"; };
		95939D81240ED0AC00211CA7 /* SceneDelegate.swift */ = {isa = PBXFileReference; lastKnownFileType = sourcecode.swift; path = SceneDelegate.swift; sourceTree = "<group>"; };
		95939D83240ED0AC00211CA7 /* ViewController.swift */ = {isa = PBXFileReference; lastKnownFileType = sourcecode.swift; path = ViewController.swift; sourceTree = "<group>"; };
		95939D86240ED0AC00211CA7 /* Base */ = {isa = PBXFileReference; lastKnownFileType = file.storyboard; name = Base; path = Base.lproj/Main.storyboard; sourceTree = "<group>"; };
		95939D88240ED0AF00211CA7 /* Assets.xcassets */ = {isa = PBXFileReference; lastKnownFileType = folder.assetcatalog; path = Assets.xcassets; sourceTree = "<group>"; };
		95939D8B240ED0AF00211CA7 /* Base */ = {isa = PBXFileReference; lastKnownFileType = file.storyboard; name = Base; path = Base.lproj/LaunchScreen.storyboard; sourceTree = "<group>"; };
		95939D8D240ED0AF00211CA7 /* Info.plist */ = {isa = PBXFileReference; lastKnownFileType = text.plist.xml; path = Info.plist; sourceTree = "<group>"; };
		95939D93240ED0BD00211CA7 /* AulaDeCloudKitTamara.entitlements */ = {isa = PBXFileReference; lastKnownFileType = text.plist.entitlements; path = AulaDeCloudKitTamara.entitlements; sourceTree = "<group>"; };
		95939D95240ED0C000211CA7 /* CloudKit.framework */ = {isa = PBXFileReference; lastKnownFileType = wrapper.framework; name = CloudKit.framework; path = System/Library/Frameworks/CloudKit.framework; sourceTree = SDKROOT; };
/* End PBXFileReference section */

/* Begin PBXFrameworksBuildPhase section */
		95939D79240ED0AC00211CA7 /* Frameworks */ = {
			isa = PBXFrameworksBuildPhase;
			buildActionMask = 2147483647;
			files = (
				95939D96240ED0C000211CA7 /* CloudKit.framework in Frameworks */,
			);
			runOnlyForDeploymentPostprocessing = 0;
		};
/* End PBXFrameworksBuildPhase section */

/* Begin PBXGroup section */
		95939D73240ED0AC00211CA7 = {
			isa = PBXGroup;
			children = (
				95939D7E240ED0AC00211CA7 /* AulaDeCloudKitTamara */,
				95939D7D240ED0AC00211CA7 /* Products */,
				95939D94240ED0C000211CA7 /* Frameworks */,
			);
			sourceTree = "<group>";
		};
		95939D7D240ED0AC00211CA7 /* Products */ = {
			isa = PBXGroup;
			children = (
				95939D7C240ED0AC00211CA7 /* AulaDeCloudKitTamara.app */,
			);
			name = Products;
			sourceTree = "<group>";
		};
		95939D7E240ED0AC00211CA7 /* AulaDeCloudKitTamara */ = {
			isa = PBXGroup;
			children = (
				95939D93240ED0BD00211CA7 /* AulaDeCloudKitTamara.entitlements */,
				95939D7F240ED0AC00211CA7 /* AppDelegate.swift */,
				95939D81240ED0AC00211CA7 /* SceneDelegate.swift */,
				95939D83240ED0AC00211CA7 /* ViewController.swift */,
				95939D85240ED0AC00211CA7 /* Main.storyboard */,
				95939D88240ED0AF00211CA7 /* Assets.xcassets */,
				95939D8A240ED0AF00211CA7 /* LaunchScreen.storyboard */,
				95939D8D240ED0AF00211CA7 /* Info.plist */,
			);
			path = AulaDeCloudKitTamara;
			sourceTree = "<group>";
		};
		95939D94240ED0C000211CA7 /* Frameworks */ = {
			isa = PBXGroup;
			children = (
				95939D95240ED0C000211CA7 /* CloudKit.framework */,
			);
			name = Frameworks;
			sourceTree = "<group>";
		};
/* End PBXGroup section */

/* Begin PBXNativeTarget section */
		95939D7B240ED0AC00211CA7 /* AulaDeCloudKitTamara */ = {
			isa = PBXNativeTarget;
			buildConfigurationList = 95939D90240ED0AF00211CA7 /* Build configuration list for PBXNativeTarget "AulaDeCloudKitTamara" */;
			buildPhases = (
				95939D78240ED0AC00211CA7 /* Sources */,
				95939D79240ED0AC00211CA7 /* Frameworks */,
				95939D7A240ED0AC00211CA7 /* Resources */,
			);
			buildRules = (
			);
			dependencies = (
			);
			name = AulaDeCloudKitTamara;
			productName = AulaDeCloudKitTamara;
			productReference = 95939D7C240ED0AC00211CA7 /* AulaDeCloudKitTamara.app */;
			productType = "com.apple.product-type.application";
		};
/* End PBXNativeTarget section */

/* Begin PBXProject section */
		95939D74240ED0AC00211CA7 /* Project object */ = {
			isa = PBXProject;
			attributes = {
				LastSwiftUpdateCheck = 1130;
				LastUpgradeCheck = 1130;
				ORGANIZATIONNAME = "Tamara Erlij";
				TargetAttributes = {
					95939D7B240ED0AC00211CA7 = {
						CreatedOnToolsVersion = 11.3;
					};
				};
			};
			buildConfigurationList = 95939D77240ED0AC00211CA7 /* Build configuration list for PBXProject "AulaDeCloudKitTamara" */;
			compatibilityVersion = "Xcode 9.3";
			developmentRegion = en;
			hasScannedForEncodings = 0;
			knownRegions = (
				en,
				Base,
			);
			mainGroup = 95939D73240ED0AC00211CA7;
			productRefGroup = 95939D7D240ED0AC00211CA7 /* Products */;
			projectDirPath = "";
			projectRoot = "";
			targets = (
				95939D7B240ED0AC00211CA7 /* AulaDeCloudKitTamara */,
			);
		};
/* End PBXProject section */

/* Begin PBXResourcesBuildPhase section */
		95939D7A240ED0AC00211CA7 /* Resources */ = {
			isa = PBXResourcesBuildPhase;
			buildActionMask = 2147483647;
			files = (
				95939D8C240ED0AF00211CA7 /* LaunchScreen.storyboard in Resources */,
				95939D89240ED0AF00211CA7 /* Assets.xcassets in Resources */,
				95939D87240ED0AC00211CA7 /* Main.storyboard in Resources */,
			);
			runOnlyForDeploymentPostprocessing = 0;
		};
/* End PBXResourcesBuildPhase section */

/* Begin PBXSourcesBuildPhase section */
		95939D78240ED0AC00211CA7 /* Sources */ = {
			isa = PBXSourcesBuildPhase;
			buildActionMask = 2147483647;
			files = (
				95939D84240ED0AC00211CA7 /* ViewController.swift in Sources */,
				95939D80240ED0AC00211CA7 /* AppDelegate.swift in Sources */,
				95939D82240ED0AC00211CA7 /* SceneDelegate.swift in Sources */,
			);
			runOnlyForDeploymentPostprocessing = 0;
		};
/* End PBXSourcesBuildPhase section */

/* Begin PBXVariantGroup section */
		95939D85240ED0AC00211CA7 /* Main.storyboard */ = {
			isa = PBXVariantGroup;
			children = (
				95939D86240ED0AC00211CA7 /* Base */,
			);
			name = Main.storyboard;
			sourceTree = "<group>";
		};
		95939D8A240ED0AF00211CA7 /* LaunchScreen.storyboard */ = {
			isa = PBXVariantGroup;
			children = (
				95939D8B240ED0AF00211CA7 /* Base */,
			);
			name = LaunchScreen.storyboard;
			sourceTree = "<group>";
		};
/* End PBXVariantGroup section */

/* Begin XCBuildConfiguration section */
		95939D8E240ED0AF00211CA7 /* Debug */ = {
			isa = XCBuildConfiguration;
			buildSettings = {
				ALWAYS_SEARCH_USER_PATHS = NO;
				CLANG_ANALYZER_NONNULL = YES;
				CLANG_ANALYZER_NUMBER_OBJECT_CONVERSION = YES_AGGRESSIVE;
				CLANG_CXX_LANGUAGE_STANDARD = "gnu++14";
				CLANG_CXX_LIBRARY = "libc++";
				CLANG_ENABLE_MODULES = YES;
				CLANG_ENABLE_OBJC_ARC = YES;
				CLANG_ENABLE_OBJC_WEAK = YES;
				CLANG_WARN_BLOCK_CAPTURE_AUTORELEASING = YES;
				CLANG_WARN_BOOL_CONVERSION = YES;
				CLANG_WARN_COMMA = YES;
				CLANG_WARN_CONSTANT_CONVERSION = YES;
				CLANG_WARN_DEPRECATED_OBJC_IMPLEMENTATIONS = YES;
				CLANG_WARN_DIRECT_OBJC_ISA_USAGE = YES_ERROR;
				CLANG_WARN_DOCUMENTATION_COMMENTS = YES;
				CLANG_WARN_EMPTY_BODY = YES;
				CLANG_WARN_ENUM_CONVERSION = YES;
				CLANG_WARN_INFINITE_RECURSION = YES;
				CLANG_WARN_INT_CONVERSION = YES;
				CLANG_WARN_NON_LITERAL_NULL_CONVERSION = YES;
				CLANG_WARN_OBJC_IMPLICIT_RETAIN_SELF = YES;
				CLANG_WARN_OBJC_LITERAL_CONVERSION = YES;
				CLANG_WARN_OBJC_ROOT_CLASS = YES_ERROR;
				CLANG_WARN_RANGE_LOOP_ANALYSIS = YES;
				CLANG_WARN_STRICT_PROTOTYPES = YES;
				CLANG_WARN_SUSPICIOUS_MOVE = YES;
				CLANG_WARN_UNGUARDED_AVAILABILITY = YES_AGGRESSIVE;
				CLANG_WARN_UNREACHABLE_CODE = YES;
				CLANG_WARN__DUPLICATE_METHOD_MATCH = YES;
				COPY_PHASE_STRIP = NO;
				DEBUG_INFORMATION_FORMAT = dwarf;
				ENABLE_STRICT_OBJC_MSGSEND = YES;
				ENABLE_TESTABILITY = YES;
				GCC_C_LANGUAGE_STANDARD = gnu11;
				GCC_DYNAMIC_NO_PIC = NO;
				GCC_NO_COMMON_BLOCKS = YES;
				GCC_OPTIMIZATION_LEVEL = 0;
				GCC_PREPROCESSOR_DEFINITIONS = (
					"DEBUG=1",
					"$(inherited)",
				);
				GCC_WARN_64_TO_32_BIT_CONVERSION = YES;
				GCC_WARN_ABOUT_RETURN_TYPE = YES_ERROR;
				GCC_WARN_UNDECLARED_SELECTOR = YES;
				GCC_WARN_UNINITIALIZED_AUTOS = YES_AGGRESSIVE;
				GCC_WARN_UNUSED_FUNCTION = YES;
				GCC_WARN_UNUSED_VARIABLE = YES;
				IPHONEOS_DEPLOYMENT_TARGET = 13.2;
				MTL_ENABLE_DEBUG_INFO = INCLUDE_SOURCE;
				MTL_FAST_MATH = YES;
				ONLY_ACTIVE_ARCH = YES;
				SDKROOT = iphoneos;
				SWIFT_ACTIVE_COMPILATION_CONDITIONS = DEBUG;
				SWIFT_OPTIMIZATION_LEVEL = "-Onone";
			};
			name = Debug;
		};
		95939D8F240ED0AF00211CA7 /* Release */ = {
			isa = XCBuildConfiguration;
			buildSettings = {
				ALWAYS_SEARCH_USER_PATHS = NO;
				CLANG_ANALYZER_NONNULL = YES;
				CLANG_ANALYZER_NUMBER_OBJECT_CONVERSION = YES_AGGRESSIVE;
				CLANG_CXX_LANGUAGE_STANDARD = "gnu++14";
				CLANG_CXX_LIBRARY = "libc++";
				CLANG_ENABLE_MODULES = YES;
				CLANG_ENABLE_OBJC_ARC = YES;
				CLANG_ENABLE_OBJC_WEAK = YES;
				CLANG_WARN_BLOCK_CAPTURE_AUTORELEASING = YES;
				CLANG_WARN_BOOL_CONVERSION = YES;
				CLANG_WARN_COMMA = YES;
				CLANG_WARN_CONSTANT_CONVERSION = YES;
				CLANG_WARN_DEPRECATED_OBJC_IMPLEMENTATIONS = YES;
				CLANG_WARN_DIRECT_OBJC_ISA_USAGE = YES_ERROR;
				CLANG_WARN_DOCUMENTATION_COMMENTS = YES;
				CLANG_WARN_EMPTY_BODY = YES;
				CLANG_WARN_ENUM_CONVERSION = YES;
				CLANG_WARN_INFINITE_RECURSION = YES;
				CLANG_WARN_INT_CONVERSION = YES;
				CLANG_WARN_NON_LITERAL_NULL_CONVERSION = YES;
				CLANG_WARN_OBJC_IMPLICIT_RETAIN_SELF = YES;
				CLANG_WARN_OBJC_LITERAL_CONVERSION = YES;
				CLANG_WARN_OBJC_ROOT_CLASS = YES_ERROR;
				CLANG_WARN_RANGE_LOOP_ANALYSIS = YES;
				CLANG_WARN_STRICT_PROTOTYPES = YES;
				CLANG_WARN_SUSPICIOUS_MOVE = YES;
				CLANG_WARN_UNGUARDED_AVAILABILITY = YES_AGGRESSIVE;
				CLANG_WARN_UNREACHABLE_CODE = YES;
				CLANG_WARN__DUPLICATE_METHOD_MATCH = YES;
				COPY_PHASE_STRIP = NO;
				DEBUG_INFORMATION_FORMAT = "dwarf-with-dsym";
				ENABLE_NS_ASSERTIONS = NO;
				ENABLE_STRICT_OBJC_MSGSEND = YES;
				GCC_C_LANGUAGE_STANDARD = gnu11;
				GCC_NO_COMMON_BLOCKS = YES;
				GCC_WARN_64_TO_32_BIT_CONVERSION = YES;
				GCC_WARN_ABOUT_RETURN_TYPE = YES_ERROR;
				GCC_WARN_UNDECLARED_SELECTOR = YES;
				GCC_WARN_UNINITIALIZED_AUTOS = YES_AGGRESSIVE;
				GCC_WARN_UNUSED_FUNCTION = YES;
				GCC_WARN_UNUSED_VARIABLE = YES;
				IPHONEOS_DEPLOYMENT_TARGET = 13.2;
				MTL_ENABLE_DEBUG_INFO = NO;
				MTL_FAST_MATH = YES;
				SDKROOT = iphoneos;
				SWIFT_COMPILATION_MODE = wholemodule;
				SWIFT_OPTIMIZATION_LEVEL = "-O";
				VALIDATE_PRODUCT = YES;
			};
			name = Release;
		};
		95939D91240ED0AF00211CA7 /* Debug */ = {
			isa = XCBuildConfiguration;
			buildSettings = {
				ASSETCATALOG_COMPILER_APPICON_NAME = AppIcon;
				CODE_SIGN_ENTITLEMENTS = AulaDeCloudKitTamara/AulaDeCloudKitTamara.entitlements;
				CODE_SIGN_STYLE = Automatic;
				DEVELOPMENT_TEAM = 56RTBWDLYU;
				INFOPLIST_FILE = AulaDeCloudKitTamara/Info.plist;
				LD_RUNPATH_SEARCH_PATHS = (
					"$(inherited)",
					"@executable_path/Frameworks",
				);
				PRODUCT_BUNDLE_IDENTIFIER = AlgumaCoisa;
				PRODUCT_NAME = "$(TARGET_NAME)";
				SWIFT_VERSION = 5.0;
				TARGETED_DEVICE_FAMILY = "1,2";
			};
			name = Debug;
		};
		95939D92240ED0AF00211CA7 /* Release */ = {
			isa = XCBuildConfiguration;
			buildSettings = {
				ASSETCATALOG_COMPILER_APPICON_NAME = AppIcon;
				CODE_SIGN_ENTITLEMENTS = AulaDeCloudKitTamara/AulaDeCloudKitTamara.entitlements;
				CODE_SIGN_STYLE = Automatic;
				DEVELOPMENT_TEAM = 56RTBWDLYU;
				INFOPLIST_FILE = AulaDeCloudKitTamara/Info.plist;
				LD_RUNPATH_SEARCH_PATHS = (
					"$(inherited)",
					"@executable_path/Frameworks",
				);
				PRODUCT_BUNDLE_IDENTIFIER = AlgumaCoisa;
				PRODUCT_NAME = "$(TARGET_NAME)";
				SWIFT_VERSION = 5.0;
				TARGETED_DEVICE_FAMILY = "1,2";
			};
			name = Release;
		};
/* End XCBuildConfiguration section */

/* Begin XCConfigurationList section */
		95939D77240ED0AC00211CA7 /* Build configuration list for PBXProject "AulaDeCloudKitTamara" */ = {
			isa = XCConfigurationList;
			buildConfigurations = (
				95939D8E240ED0AF00211CA7 /* Debug */,
				95939D8F240ED0AF00211CA7 /* Release */,
			);
			defaultConfigurationIsVisible = 0;
			defaultConfigurationName = Release;
		};
		95939D90240ED0AF00211CA7 /* Build configuration list for PBXNativeTarget "AulaDeCloudKitTamara" */ = {
			isa = XCConfigurationList;
			buildConfigurations = (
				95939D91240ED0AF00211CA7 /* Debug */,
				95939D92240ED0AF00211CA7 /* Release */,
			);
			defaultConfigurationIsVisible = 0;
			defaultConfigurationName = Release;
		};
/* End XCConfigurationList section */
	};
	rootObject = 95939D74240ED0AC00211CA7 /* Project object */;
}
